{
  "name": "risio-foundation",
  "version": "1.0.0",
  "lockfileVersion": 1,
  "requires": true,
  "dependencies": {
    "inversify": {
      "version": "4.11.1",
      "resolved": "https://registry.npmjs.org/inversify/-/inversify-4.11.1.tgz",
      "integrity": "sha512-9bs/36crPdTSOCcoomHMb96s+B8W0+2c9dHFP/Srv9ZQaPnUvsMgzmMHfgVECqfHVUIW+M5S7SYOjoig8khWuQ=="
    },
    "lodash": {
      "version": "4.17.5",
      "resolved": "https://registry.npmjs.org/lodash/-/lodash-4.17.5.tgz",
      "integrity": "sha512-svL3uiZf1RwhH+cWrfZn3A4+U58wbP0tGVTLQPbjplZxZ8ROD9VLuNgsRniTlLe7OlSqR79RUehXgpBW/s0IQw=="
    }
  }
}
